version = 1
revision = 3
requires-python = ">=3.14.3"

[[package]]
name = "emulator"
version = "0.1.0"
source = { virtual = "." }
dependencies = [
    { name = "pysnmp" },
]

[package.metadata]
requires-dist = [{ name = "pysnmp", specifier = ">=7.1.27" }]

[[package]]
name = "pyasn1"
version = "0.6.3"
source = { registry = "https://pypi.org/simple" }
sdist = { url = "https://files.pythonhosted.org/packages/5c/5f/6583902b6f79b399c9c40674ac384fd9cd77805f9e6205075f828ef11fb2/pyasn1-0.6.3.tar.gz", hash = "sha256:697a8ecd6d98891189184ca1fa05d1bb00e2f84b5977c481452050549c8a72cf", size = 148685, upload-time = "2026-03-17T01:06:53.382Z" }
wheels = [
    { url = "https://files.pythonhosted.org/packages/5d/a0/7d793dce3fa811fe047d6ae2431c672364b462850c6235ae306c0efd025f/pyasn1-0.6.3-py3-none-any.whl", hash = "sha256:a80184d120f0864a52a073acc6fc642847d0be408e7c7252f31390c0f4eadcde", size = 83997, upload-time = "2026-03-17T01:06:52.036Z" },
]

[[package]]
name = "pysnmp"
version = "7.1.27"
source = { registry = "https://pypi.org/simple" }
dependencies = [
    { name = "pyasn1" },
]
sdist = { url = "https://files.pythonhosted.org/packages/8d/6e/0d9c8a59ff4d6cb9c2477fe4cd106cb20cd6bbf008a0bca0c45ebb17aaad/pysnmp-7.1.27.tar.gz", hash = "sha256:01ce32d1bb0a14e8e3410a43fb7a8a7b050ec06186dc9ec240fcefa4af8b963c", size = 260310, upload-time = "2026-05-16T07:01:39.64Z" }
wheels = [
    { url = "https://files.pythonhosted.org/packages/fa/be/d509cf05e5af40715aa4a562ee16d3c303433d451b6f768593e92e6796d7/pysnmp-7.1.27-py3-none-any.whl", hash = "sha256:314ad98d94d9ed445d4bb07721c374ec6ca4158fb41f92b9bc72feb9557513f7", size = 344440, upload-time = "2026-05-16T07:01:37.981Z" },
]
