{
  "lockfileVersion": 1,
  "configVersion": 1,
  "workspaces": {
    "": {
      "name": "oidviz",
      "devDependencies": {
        "@biomejs/biome": "^1.8.0",
        "@types/bun": "^1.3.14",
        "@types/node": "^22.19.21",
        "@vitejs/plugin-vue": "^5.0.0",
        "oxlint": "^0.9.0",
        "playwright": "^1.60.0",
        "typescript": "^5.4.0",
        "vite": "^5.0.0",
        "vue": "^3.4.0",
      },
    },
  },
  "trustedDependencies": [
    "@biomejs/biome",
  ],
  "packages": {
    "@babel/helper-string-parser": ["@babel/helper-string-parser@7.29.7", "", {}, "sha512-Pb5ijPrZ89GDH8223L4UP8i6QApWxs04RbPQJTeWDV0/keR2E36MeKnyr6LYmUUvqRRI+Iv87SuF1W6ErINzYw=="],

    "@babel/helper-validator-identifier": ["@babel/helper-validator-identifier@7.29.7", "", {}, "sha512-qehxGkRj55h/ff8EMaJ+cYhyaKlHIxqYDn682wQD7RNp9UujOQsHog2uS0r2vzr4pW+sXf90NeeayjcNaX3fFg=="],

    "@babel/parser": ["@babel/parser@7.29.7", "", { "dependencies": { "@babel/types": "^7.29.7" }, "bin": "./bin/babel-parser.js" }, "sha512-hnORnjP/1P/zFEndoeX+n+t1RwWRJiJpM/jO7FW32Kn9r5+sJB2JWOdYo4L6k78j15eCwY3Gm/7364B1EMwtNg=="],

    "@babel/types": ["@babel/types@7.29.7", "", { "dependencies": { "@babel/helper-string-parser": "^7.29.7", "@babel/helper-validator-identifier": "^7.29.7" } }, "sha512-4zBIxpPzowiZpusoFkyGVwakdRJUyuH5PxQ/PrqghfdFWWasvnCdPfQXHrenDai+gyLARulZjZowCOj6fjT4pA=="],

    "@biomejs/biome": ["@biomejs/biome@1.9.4", "", { "optionalDependencies": { "@biomejs/cli-darwin-arm64": "1.9.4", "@biomejs/cli-darwin-x64": "1.9.4", "@biomejs/cli-linux-arm64": "1.9.4", "@biomejs/cli-linux-arm64-musl": "1.9.4", "@biomejs/cli-linux-x64": "1.9.4", "@biomejs/cli-linux-x64-musl": "1.9.4", "@biomejs/cli-win32-arm64": "1.9.4", "@biomejs/cli-win32-x64": "1.9.4" }, "bin": { "biome": "bin/biome" } }, "sha512-1rkd7G70+o9KkTn5KLmDYXihGoTaIGO9PIIN2ZB7UJxFrWw04CZHPYiMRjYsaDvVV7hP1dYNRLxSANLaBFGpog=="],

    "@biomejs/cli-darwin-arm64": ["@biomejs/cli-darwin-arm64@1.9.4", "", { "os": "darwin", "cpu": "arm64" }, "sha512-bFBsPWrNvkdKrNCYeAp+xo2HecOGPAy9WyNyB/jKnnedgzl4W4Hb9ZMzYNbf8dMCGmUdSavlYHiR01QaYR58cw=="],

    "@biomejs/cli-darwin-x64": ["@biomejs/cli-darwin-x64@1.9.4", "", { "os": "darwin", "cpu": "x64" }, "sha512-ngYBh/+bEedqkSevPVhLP4QfVPCpb+4BBe2p7Xs32dBgs7rh9nY2AIYUL6BgLw1JVXV8GlpKmb/hNiuIxfPfZg=="],

    "@biomejs/cli-linux-arm64": ["@biomejs/cli-linux-arm64@1.9.4", "", { "os": "linux", "cpu": "arm64" }, "sha512-fJIW0+LYujdjUgJJuwesP4EjIBl/N/TcOX3IvIHJQNsAqvV2CHIogsmA94BPG6jZATS4Hi+xv4SkBBQSt1N4/g=="],

    "@biomejs/cli-linux-arm64-musl": ["@biomejs/cli-linux-arm64-musl@1.9.4", "", { "os": "linux", "cpu": "arm64" }, "sha512-v665Ct9WCRjGa8+kTr0CzApU0+XXtRgwmzIf1SeKSGAv+2scAlW6JR5PMFo6FzqqZ64Po79cKODKf3/AAmECqA=="],

    "@biomejs/cli-linux-x64": ["@biomejs/cli-linux-x64@1.9.4", "", { "os": "linux", "cpu": "x64" }, "sha512-lRCJv/Vi3Vlwmbd6K+oQ0KhLHMAysN8lXoCI7XeHlxaajk06u7G+UsFSO01NAs5iYuWKmVZjmiOzJ0OJmGsMwg=="],

    "@biomejs/cli-linux-x64-musl": ["@biomejs/cli-linux-x64-musl@1.9.4", "", { "os": "linux", "cpu": "x64" }, "sha512-gEhi/jSBhZ2m6wjV530Yy8+fNqG8PAinM3oV7CyO+6c3CEh16Eizm21uHVsyVBEB6RIM8JHIl6AGYCv6Q6Q9Tg=="],

    "@biomejs/cli-win32-arm64": ["@biomejs/cli-win32-arm64@1.9.4", "", { "os": "win32", "cpu": "arm64" }, "sha512-tlbhLk+WXZmgwoIKwHIHEBZUwxml7bRJgk0X2sPyNR3S93cdRq6XulAZRQJ17FYGGzWne0fgrXBKpl7l4M87Hg=="],

    "@biomejs/cli-win32-x64": ["@biomejs/cli-win32-x64@1.9.4", "", { "os": "win32", "cpu": "x64" }, "sha512-8Y5wMhVIPaWe6jw2H+KlEm4wP/f7EW3810ZLmDlrEEy5KvBsb9ECEfu/kMWD484ijfQ8+nIi0giMgu9g1UAuuA=="],

    "@esbuild/aix-ppc64": ["@esbuild/aix-ppc64@0.21.5", "", { "os": "aix", "cpu": "ppc64" }, "sha512-1SDgH6ZSPTlggy1yI6+Dbkiz8xzpHJEVAlF/AM1tHPLsf5STom9rwtjE4hKAF20FfXXNTFqEYXyJNWh1GiZedQ=="],

    "@esbuild/android-arm": ["@esbuild/android-arm@0.21.5", "", { "os": "android", "cpu": "arm" }, "sha512-vCPvzSjpPHEi1siZdlvAlsPxXl7WbOVUBBAowWug4rJHb68Ox8KualB+1ocNvT5fjv6wpkX6o/iEpbDrf68zcg=="],

    "@esbuild/android-arm64": ["@esbuild/android-arm64@0.21.5", "", { "os": "android", "cpu": "arm64" }, "sha512-c0uX9VAUBQ7dTDCjq+wdyGLowMdtR/GoC2U5IYk/7D1H1JYC0qseD7+11iMP2mRLN9RcCMRcjC4YMclCzGwS/A=="],

    "@esbuild/android-x64": ["@esbuild/android-x64@0.21.5", "", { "os": "android", "cpu": "x64" }, "sha512-D7aPRUUNHRBwHxzxRvp856rjUHRFW1SdQATKXH2hqA0kAZb1hKmi02OpYRacl0TxIGz/ZmXWlbZgjwWYaCakTA=="],

    "@esbuild/darwin-arm64": ["@esbuild/darwin-arm64@0.21.5", "", { "os": "darwin", "cpu": "arm64" }, "sha512-DwqXqZyuk5AiWWf3UfLiRDJ5EDd49zg6O9wclZ7kUMv2WRFr4HKjXp/5t8JZ11QbQfUS6/cRCKGwYhtNAY88kQ=="],

    "@esbuild/darwin-x64": ["@esbuild/darwin-x64@0.21.5", "", { "os": "darwin", "cpu": "x64" }, "sha512-se/JjF8NlmKVG4kNIuyWMV/22ZaerB+qaSi5MdrXtd6R08kvs2qCN4C09miupktDitvh8jRFflwGFBQcxZRjbw=="],

    "@esbuild/freebsd-arm64": ["@esbuild/freebsd-arm64@0.21.5", "", { "os": "freebsd", "cpu": "arm64" }, "sha512-5JcRxxRDUJLX8JXp/wcBCy3pENnCgBR9bN6JsY4OmhfUtIHe3ZW0mawA7+RDAcMLrMIZaf03NlQiX9DGyB8h4g=="],

    "@esbuild/freebsd-x64": ["@esbuild/freebsd-x64@0.21.5", "", { "os": "freebsd", "cpu": "x64" }, "sha512-J95kNBj1zkbMXtHVH29bBriQygMXqoVQOQYA+ISs0/2l3T9/kj42ow2mpqerRBxDJnmkUDCaQT/dfNXWX/ZZCQ=="],

    "@esbuild/linux-arm": ["@esbuild/linux-arm@0.21.5", "", { "os": "linux", "cpu": "arm" }, "sha512-bPb5AHZtbeNGjCKVZ9UGqGwo8EUu4cLq68E95A53KlxAPRmUyYv2D6F0uUI65XisGOL1hBP5mTronbgo+0bFcA=="],

    "@esbuild/linux-arm64": ["@esbuild/linux-arm64@0.21.5", "", { "os": "linux", "cpu": "arm64" }, "sha512-ibKvmyYzKsBeX8d8I7MH/TMfWDXBF3db4qM6sy+7re0YXya+K1cem3on9XgdT2EQGMu4hQyZhan7TeQ8XkGp4Q=="],

    "@esbuild/linux-ia32": ["@esbuild/linux-ia32@0.21.5", "", { "os": "linux", "cpu": "ia32" }, "sha512-YvjXDqLRqPDl2dvRODYmmhz4rPeVKYvppfGYKSNGdyZkA01046pLWyRKKI3ax8fbJoK5QbxblURkwK/MWY18Tg=="],

    "@esbuild/linux-loong64": ["@esbuild/linux-loong64@0.21.5", "", { "os": "linux", "cpu": "none" }, "sha512-uHf1BmMG8qEvzdrzAqg2SIG/02+4/DHB6a9Kbya0XDvwDEKCoC8ZRWI5JJvNdUjtciBGFQ5PuBlpEOXQj+JQSg=="],

    "@esbuild/linux-mips64el": ["@esbuild/linux-mips64el@0.21.5", "", { "os": "linux", "cpu": "none" }, "sha512-IajOmO+KJK23bj52dFSNCMsz1QP1DqM6cwLUv3W1QwyxkyIWecfafnI555fvSGqEKwjMXVLokcV5ygHW5b3Jbg=="],

    "@esbuild/linux-ppc64": ["@esbuild/linux-ppc64@0.21.5", "", { "os": "linux", "cpu": "ppc64" }, "sha512-1hHV/Z4OEfMwpLO8rp7CvlhBDnjsC3CttJXIhBi+5Aj5r+MBvy4egg7wCbe//hSsT+RvDAG7s81tAvpL2XAE4w=="],

    "@esbuild/linux-riscv64": ["@esbuild/linux-riscv64@0.21.5", "", { "os": "linux", "cpu": "none" }, "sha512-2HdXDMd9GMgTGrPWnJzP2ALSokE/0O5HhTUvWIbD3YdjME8JwvSCnNGBnTThKGEB91OZhzrJ4qIIxk/SBmyDDA=="],

    "@esbuild/linux-s390x": ["@esbuild/linux-s390x@0.21.5", "", { "os": "linux", "cpu": "s390x" }, "sha512-zus5sxzqBJD3eXxwvjN1yQkRepANgxE9lgOW2qLnmr8ikMTphkjgXu1HR01K4FJg8h1kEEDAqDcZQtbrRnB41A=="],

    "@esbuild/linux-x64": ["@esbuild/linux-x64@0.21.5", "", { "os": "linux", "cpu": "x64" }, "sha512-1rYdTpyv03iycF1+BhzrzQJCdOuAOtaqHTWJZCWvijKD2N5Xu0TtVC8/+1faWqcP9iBCWOmjmhoH94dH82BxPQ=="],

    "@esbuild/netbsd-x64": ["@esbuild/netbsd-x64@0.21.5", "", { "os": "none", "cpu": "x64" }, "sha512-Woi2MXzXjMULccIwMnLciyZH4nCIMpWQAs049KEeMvOcNADVxo0UBIQPfSmxB3CWKedngg7sWZdLvLczpe0tLg=="],

    "@esbuild/openbsd-x64": ["@esbuild/openbsd-x64@0.21.5", "", { "os": "openbsd", "cpu": "x64" }, "sha512-HLNNw99xsvx12lFBUwoT8EVCsSvRNDVxNpjZ7bPn947b8gJPzeHWyNVhFsaerc0n3TsbOINvRP2byTZ5LKezow=="],

    "@esbuild/sunos-x64": ["@esbuild/sunos-x64@0.21.5", "", { "os": "sunos", "cpu": "x64" }, "sha512-6+gjmFpfy0BHU5Tpptkuh8+uw3mnrvgs+dSPQXQOv3ekbordwnzTVEb4qnIvQcYXq6gzkyTnoZ9dZG+D4garKg=="],

    "@esbuild/win32-arm64": ["@esbuild/win32-arm64@0.21.5", "", { "os": "win32", "cpu": "arm64" }, "sha512-Z0gOTd75VvXqyq7nsl93zwahcTROgqvuAcYDUr+vOv8uHhNSKROyU961kgtCD1e95IqPKSQKH7tBTslnS3tA8A=="],

    "@esbuild/win32-ia32": ["@esbuild/win32-ia32@0.21.5", "", { "os": "win32", "cpu": "ia32" }, "sha512-SWXFF1CL2RVNMaVs+BBClwtfZSvDgtL//G/smwAc5oVK/UPu2Gu9tIaRgFmYFFKrmg3SyAjSrElf0TiJ1v8fYA=="],

    "@esbuild/win32-x64": ["@esbuild/win32-x64@0.21.5", "", { "os": "win32", "cpu": "x64" }, "sha512-tQd/1efJuzPC6rCFwEvLtci/xNFcTZknmXs98FYDfGE4wP9ClFV98nyKrzJKVPMhdDnjzLhdUyMX4PsQAPjwIw=="],

    "@jridgewell/sourcemap-codec": ["@jridgewell/sourcemap-codec@1.5.5", "", {}, "sha512-cYQ9310grqxueWbl+WuIUIaiUaDcj7WOq5fVhEljNVgRfOUhY9fy2zTvfoqWsnebh8Sl70VScFbICvJnLKB0Og=="],

    "@oxlint/darwin-arm64": ["@oxlint/darwin-arm64@0.9.10", "", { "os": "darwin", "cpu": "arm64" }, "sha512-eOXKZYq5bnCSgDefgM5bzAg+4Fc//Rc4yjgKN8iDWUARweCaChiQXb6TXX8MfEfs6qayEMy6yVj0pqoFz0B1aw=="],

    "@oxlint/darwin-x64": ["@oxlint/darwin-x64@0.9.10", "", { "os": "darwin", "cpu": "x64" }, "sha512-UeYICDvLUaUOcY+0ugZUEmBMRLP+x8iTgL7TeY6BlpGw2ahbtUOTbyIIRWtr/0O++TnjZ+v8TzhJ9crw6Ij6dg=="],

    "@oxlint/linux-arm64-gnu": ["@oxlint/linux-arm64-gnu@0.9.10", "", { "os": "linux", "cpu": "arm64" }, "sha512-0Zn+vqHhrZyufFBfq9WOgiIool0gCR14BLsdS+0Dwd9o+kNxPGA5q7erQFkiC4rpkxtfBHeD3iIKMMt7d29Kyw=="],

    "@oxlint/linux-arm64-musl": ["@oxlint/linux-arm64-musl@0.9.10", "", { "os": "linux", "cpu": "arm64" }, "sha512-tkQcWpYwF42bA/uRaV2iMFePHkBjTTgomOgeEaiw6XOSJX4nBEqGIIboqqLBWT4JnKCf/L+IG3y/e1MflhKByw=="],

    "@oxlint/linux-x64-gnu": ["@oxlint/linux-x64-gnu@0.9.10", "", { "os": "linux", "cpu": "x64" }, "sha512-JHbkMUnibqaSMBvLHyqTL5cWxcGW+jw+Ppt2baLISpvo34a6fBR+PI7v/A92sEDWe0W1rPhypzCwA8mKpkQ3DA=="],

    "@oxlint/linux-x64-musl": ["@oxlint/linux-x64-musl@0.9.10", "", { "os": "linux", "cpu": "x64" }, "sha512-aBBwN7bQzidwHwEXr7BAdVvMTLWstCy5gikerjLnGDeCSXX9r+o6+yUzTOqZvOo66E+XBgOJaVbY8rsL1MLE0g=="],

    "@oxlint/win32-arm64": ["@oxlint/win32-arm64@0.9.10", "", { "os": "win32", "cpu": "arm64" }, "sha512-LXDnk7vKHT3IY6G1jq0O7+XMhtcHOYuxLGIx4KP+4xS6vKgBY+Bsq4xV3AtmtKlvnXkP5FxHpfLmcEtm5AWysA=="],

    "@oxlint/win32-x64": ["@oxlint/win32-x64@0.9.10", "", { "os": "win32", "cpu": "x64" }, "sha512-w5XRAV4bhgwenjjpGYZGglqzG9Wv/sI+cjQWJBQsvfDXsr2w4vOBXzt1j3/Z3EcSqf4KtkCa/IIuAhQyeShUbA=="],

    "@rollup/rollup-android-arm-eabi": ["@rollup/rollup-android-arm-eabi@4.62.0", "", { "os": "android", "cpu": "arm" }, "sha512-IPIQ55ythEHkfEd9jMEi32OQ7SxURsGA43JI22lj01OLZNt2NUbJX8YUHxkVWyQ6daHPNn0truF5nSj3DQp6YQ=="],

    "@rollup/rollup-android-arm64": ["@rollup/rollup-android-arm64@4.62.0", "", { "os": "android", "cpu": "arm64" }, "sha512-M6s9cr10MibETyo8JsOkq+Lo1+lU6hcvb1MApnUql5qte/5hMEgzlN8/ReIKNfRV8rrqX50W1BX9zoUhC192RA=="],

    "@rollup/rollup-darwin-arm64": ["@rollup/rollup-darwin-arm64@4.62.0", "", { "os": "darwin", "cpu": "arm64" }, "sha512-BqCoMoIbn0keKys+dEAdBa70EtOwV1bEsQCUgU9FdiZmmMge/Zk7LlkYGqbrdHR+Frnt0E1FOanly+rlwvvQzw=="],

    "@rollup/rollup-darwin-x64": ["@rollup/rollup-darwin-x64@4.62.0", "", { "os": "darwin", "cpu": "x64" }, "sha512-SIMzST3VFNXDAbeIWDWiFCNM5qncUBDWaEV7NfE7oZbDt2mgfW4MvbKdbYiGOLoM32gbTv608UMd0XktEYSD7w=="],

    "@rollup/rollup-freebsd-arm64": ["@rollup/rollup-freebsd-arm64@4.62.0", "", { "os": "freebsd", "cpu": "arm64" }, "sha512-ezjfSQMP7ArdUsbBwbQIfwAlhE84I2iVnzQNCFSveqV42q+BmKlzVpf7mxv5EchLcoWU4y6/heFzVg1F+hodUQ=="],

    "@rollup/rollup-freebsd-x64": ["@rollup/rollup-freebsd-x64@4.62.0", "", { "os": "freebsd", "cpu": "x64" }, "sha512-9+qTWGW9AZRhnUgwtTwzNwcPlL87ngkeN0LA+q1bADvmY9aNvWaF2TFW8BZgnQPYxpDI7+rMVLivcd4V737TAQ=="],

    "@rollup/rollup-linux-arm-gnueabihf": ["@rollup/rollup-linux-arm-gnueabihf@4.62.0", "", { "os": "linux", "cpu": "arm" }, "sha512-T1dMEQhXA/jkJ/jyMIw9IovK8bSUq7A8kLIlvZTb/6YIVsp2zLavr4F3oyllHWo7eIVJRyE5n3tUjQJEbE1IuQ=="],

    "@rollup/rollup-linux-arm-musleabihf": ["@rollup/rollup-linux-arm-musleabihf@4.62.0", "", { "os": "linux", "cpu": "arm" }, "sha512-2as0LgT7qQpyceQq6VUJYnumUMUrgGQCWIiDIN9DE0/tglsk6o66uCB4f3djRawAltvfCNLyZZrsqbPA6inCsA=="],

    "@rollup/rollup-linux-arm64-gnu": ["@rollup/rollup-linux-arm64-gnu@4.62.0", "", { "os": "linux", "cpu": "arm64" }, "sha512-bVURMg+6eNN9C/yc0aVjooZcwTTtYF4YW3xta5pP0//r3o1V8gXEHXWCndj47w/HhwsFroZrFhR+6uQP5T0n0g=="],

    "@rollup/rollup-linux-arm64-musl": ["@rollup/rollup-linux-arm64-musl@4.62.0", "", { "os": "linux", "cpu": "arm64" }, "sha512-Ful8pM/2yYI83PViWdFdpZhdI8HJ5qsXANe5atypbHDf+KIBBDsZsbyy8hbXnULVvW9NsTh5DHwbcBftyLTfiw=="],

    "@rollup/rollup-linux-loong64-gnu": ["@rollup/rollup-linux-loong64-gnu@4.62.0", "", { "os": "linux", "cpu": "none" }, "sha512-9Gp/DgrkzfUBmNPVTyPTvay+4xEP7M/clXpj3efXBcm6uTIVIgDg4rqUpqKXvLEuFRVuEpSAOkhgNeecvaZ4Cg=="],

    "@rollup/rollup-linux-loong64-musl": ["@rollup/rollup-linux-loong64-musl@4.62.0", "", { "os": "linux", "cpu": "none" }, "sha512-m9tsJz54LUXkSYM8+8PG81B9IKK5r+2T0clMq4QrS16xFosufU7firBDAZEsDheDs7wTlP7h3++S7lMsU955HA=="],

    "@rollup/rollup-linux-ppc64-gnu": ["@rollup/rollup-linux-ppc64-gnu@4.62.0", "", { "os": "linux", "cpu": "ppc64" }, "sha512-3UvJ5PNVU16aJf6M3tFI24pWzAl2/ynfbyRN3ICyQajK1lSkrnVYNnLz3v04J32qKa0FczJc22zeToc0lr2A3w=="],

    "@rollup/rollup-linux-ppc64-musl": ["@rollup/rollup-linux-ppc64-musl@4.62.0", "", { "os": "linux", "cpu": "ppc64" }, "sha512-vRWUAbYLGHBZS6Q8Msb2sfnf1fvJf+47t8l/TwOerM2qArzy+IeNMTHrYLHXh95h8MoatPHI5hhSZNs+mGXKPg=="],

    "@rollup/rollup-linux-riscv64-gnu": ["@rollup/rollup-linux-riscv64-gnu@4.62.0", "", { "os": "linux", "cpu": "none" }, "sha512-c00T5SYENHAt86cfW47URaP3Us5vLC/4QO7GYud1G5VNRffCwwCuBspwqYrriuJB+5m0WFzClCn9wed0FBjKvg=="],

    "@rollup/rollup-linux-riscv64-musl": ["@rollup/rollup-linux-riscv64-musl@4.62.0", "", { "os": "linux", "cpu": "none" }, "sha512-krrCDilhXOwFkSkO3Wm9I/f9H0L92XHHwy2fwxjukxIbh0dem8gZqOW5Y8BsHrpJv5qwlRBV+Wl4ZFyRWhUpwg=="],

    "@rollup/rollup-linux-s390x-gnu": ["@rollup/rollup-linux-s390x-gnu@4.62.0", "", { "os": "linux", "cpu": "s390x" }, "sha512-7pfYFSTc4/rUC/FtAI0Qp6QthDBCIi6/AuP1xYqFk5vanI6KnL5dWKP60OM/05LOsbwTmIcvr6eXC4CJuJ75IA=="],

    "@rollup/rollup-linux-x64-gnu": ["@rollup/rollup-linux-x64-gnu@4.62.0", "", { "os": "linux", "cpu": "x64" }, "sha512-7SDIalKeIpG0Ifogbbdn58HmSotYMlf23K3dCJEmiVd9Fg36Vmni82iPQec27N3wY4Bvbxftkxz6vSx9OcouTg=="],

    "@rollup/rollup-linux-x64-musl": ["@rollup/rollup-linux-x64-musl@4.62.0", "", { "os": "linux", "cpu": "x64" }, "sha512-eRZevouTH2i1HeAVLqJuLnt256krQkGY0TN6WsTmsIhuzbh457HuWDMakKwmi0Cjadux983CoSr8Lim2QhUIFw=="],

    "@rollup/rollup-openbsd-x64": ["@rollup/rollup-openbsd-x64@4.62.0", "", { "os": "openbsd", "cpu": "x64" }, "sha512-3oVS7FLGa4U1qcvao9ylGxrjXZyUQqR8UwxEcnUEyPX53O/C/mKDZegNXTdHCP+h3e6ta/f1EN38Yif1mmZHYg=="],

    "@rollup/rollup-openharmony-arm64": ["@rollup/rollup-openharmony-arm64@4.62.0", "", { "os": "none", "cpu": "arm64" }, "sha512-yTB9TgfWj5wHe5QgktAgXTLLot1gvEjl1NiPPAUiCs4oPrIWFl5V4nC3GrkNdj9LaAU4s94nVrGbGOCqUpyWsg=="],

    "@rollup/rollup-win32-arm64-msvc": ["@rollup/rollup-win32-arm64-msvc@4.62.0", "", { "os": "win32", "cpu": "arm64" }, "sha512-5LOhoaesY3doG1c+ac/2JtgREpKoJr5bUHH8tKY0V8di7+uSV6BwLs2PlR0/yzefGOkR+wE7ZolZphHCsyG5Rw=="],

    "@rollup/rollup-win32-ia32-msvc": ["@rollup/rollup-win32-ia32-msvc@4.62.0", "", { "os": "win32", "cpu": "ia32" }, "sha512-yYkWHhmbhRTWTnWos5HC4GcPQfjlzzCNbM9e/+GXrLuaBXYA3qSDR9f0Vgufd5S8yX81U8jPKp7ZnAjZFMtRnw=="],

    "@rollup/rollup-win32-x64-gnu": ["@rollup/rollup-win32-x64-gnu@4.62.0", "", { "os": "win32", "cpu": "x64" }, "sha512-SoTb6lPg25xZlA2ibwQ++ahCCnH+FP0qmEuafMJ4gznZKOlXioKEAeJLgCrqjM98ACziXM9V1amFjICVL4IFoA=="],

    "@rollup/rollup-win32-x64-msvc": ["@rollup/rollup-win32-x64-msvc@4.62.0", "", { "os": "win32", "cpu": "x64" }, "sha512-5L+T1fMX4RIEBoZzT0+sQ0PhTS36NULFmMXtl1TZo44TMAROIMHbZufSOjVWt/Y622BtxgxtaNOokbTDvfsrZA=="],

    "@types/bun": ["@types/bun@1.3.14", "", { "dependencies": { "bun-types": "1.3.14" } }, "sha512-h1hFqFVcvAvD9j9K7ZW7vd82aSA+rTdznZa+5bwvCwqSB1jmmfLcbIWhOLx1/+boy/xmjgCs/OMUL8hRJSmnPw=="],

    "@types/estree": ["@types/estree@1.0.9", "", {}, "sha512-GhdPgy1el4/ImP05X05Uw4cw2/M93BCUmnEvWZNStlCzEKME4Fkk+YpoA5OiHNQmoS7Cafb8Xa3Pya8m1Qrzeg=="],

    "@types/node": ["@types/node@22.19.21", "", { "dependencies": { "undici-types": "~6.21.0" } }, "sha512-VMeFBSCKQKmm2swI2kW51SFusDqekC6q9trBCvJ/JliDchFSuoYYKN7yVNjPthP1HKZcx3U1gI/wTcEBjEFKTA=="],

    "@vitejs/plugin-vue": ["@vitejs/plugin-vue@5.2.4", "", { "peerDependencies": { "vite": "^5.0.0 || ^6.0.0", "vue": "^3.2.25" } }, "sha512-7Yx/SXSOcQq5HiiV3orevHUFn+pmMB4cgbEkDYgnkUWb0WfeQ/wa2yFv6D5ICiCQOVpjA7vYDXrC7AGO8yjDHA=="],

    "@vue/compiler-core": ["@vue/compiler-core@3.5.38", "", { "dependencies": { "@babel/parser": "^7.29.7", "@vue/shared": "3.5.38", "entities": "^7.0.1", "estree-walker": "^2.0.2", "source-map-js": "^1.2.1" } }, "sha512-s99aGxWYig9ErHbct27KXEGhrBYlRI6c4MwAgXErOAbX9xiW37/uMa+XUDO69zLz83dng8UUZ70CTOJrLrYrEQ=="],

    "@vue/compiler-dom": ["@vue/compiler-dom@3.5.38", "", { "dependencies": { "@vue/compiler-core": "3.5.38", "@vue/shared": "3.5.38" } }, "sha512-JTqp25l8aFfJYF7/KmsXZjAxJz7T+SjmTJLoXVjHtc2BrSgSiW2n9Aem/cWq1OPe68A8JL06B3eVdhlP0H4TVw=="],

    "@vue/compiler-sfc": ["@vue/compiler-sfc@3.5.38", "", { "dependencies": { "@babel/parser": "^7.29.7", "@vue/compiler-core": "3.5.38", "@vue/compiler-dom": "3.5.38", "@vue/compiler-ssr": "3.5.38", "@vue/shared": "3.5.38", "estree-walker": "^2.0.2", "magic-string": "^0.30.21", "postcss": "^8.5.15", "source-map-js": "^1.2.1" } }, "sha512-DuA2GiZawSEW442iw/9+Fkol8hTgb4Ke5KkhmSry65QA7YuyMbIdy8p0XZRMvNwJdgRz307W8g1CSzdvS4nuNg=="],

    "@vue/compiler-ssr": ["@vue/compiler-ssr@3.5.38", "", { "dependencies": { "@vue/compiler-dom": "3.5.38", "@vue/shared": "3.5.38" } }, "sha512-7s+W5Gc42FGxZMcuwl8H5B29T8BJPMdBT7KHFE+BbAuZ/iTEdTtv7z2XiMjiaUUw4w3ZcCEdHs36RuYJ2VA7bA=="],

    "@vue/reactivity": ["@vue/reactivity@3.5.38", "", { "dependencies": { "@vue/shared": "3.5.38" } }, "sha512-pG6LV/NDNRbKizcUjFFLAfjaL8mcv4DmR9avNcUw2gDHBzZneuS2TWCmp633ynzxz9YYKNeEPK2I8Wraqy2HUQ=="],

    "@vue/runtime-core": ["@vue/runtime-core@3.5.38", "", { "dependencies": { "@vue/reactivity": "3.5.38", "@vue/shared": "3.5.38" } }, "sha512-iyW8WVfF1CpCXxncZY5Ei6rSd6oZr5DgEom//fUjRBRl56AXPD+s9ATvukRt77ZFTuYlnVA1bxY+dJB94tWVYw=="],

    "@vue/runtime-dom": ["@vue/runtime-dom@3.5.38", "", { "dependencies": { "@vue/reactivity": "3.5.38", "@vue/runtime-core": "3.5.38", "@vue/shared": "3.5.38", "csstype": "^3.2.3" } }, "sha512-apX2wt9sdfDshS+a2xueFZLVpt0GkRJZSoPmrW/SA4yzXTznhfcMVW59gr7h4YQeY0vJhdJkk2rsIDwgfFgC5A=="],

    "@vue/server-renderer": ["@vue/server-renderer@3.5.38", "", { "dependencies": { "@vue/compiler-ssr": "3.5.38", "@vue/shared": "3.5.38" }, "peerDependencies": { "vue": "3.5.38" } }, "sha512-vue8vbf2QlV4quHqzwmJy6dWfmRhP1J8l4wtZg60CL6VoKqcPY2oe7may3+1d9qfpedjK5PRLFqd5k3Isj9mUw=="],

    "@vue/shared": ["@vue/shared@3.5.38", "", {}, "sha512-FTW0AFZNaK5/mOqvGBwVfUlNLU38TiQn4+DQgIFUnrBBJQ1crMJ82yeGQLV5jyKFsO8yRukpbuP7x+nRbH6aug=="],

    "bun-types": ["bun-types@1.3.14", "", { "dependencies": { "@types/node": "*" } }, "sha512-4N0ig0fEomHt5R0KCFWjovxow98rIoRwKolrYdCcknNwMekCXRnWEUvgu5soYV8QXtVsrUD8B95MBOZGPvr6KQ=="],

    "csstype": ["csstype@3.2.3", "", {}, "sha512-z1HGKcYy2xA8AGQfwrn0PAy+PB7X/GSj3UVJW9qKyn43xWa+gl5nXmU4qqLMRzWVLFC8KusUX8T/0kCiOYpAIQ=="],

    "entities": ["entities@7.0.1", "", {}, "sha512-TWrgLOFUQTH994YUyl1yT4uyavY5nNB5muff+RtWaqNVCAK408b5ZnnbNAUEWLTCpum9w6arT70i1XdQ4UeOPA=="],

    "esbuild": ["esbuild@0.21.5", "", { "optionalDependencies": { "@esbuild/aix-ppc64": "0.21.5", "@esbuild/android-arm": "0.21.5", "@esbuild/android-arm64": "0.21.5", "@esbuild/android-x64": "0.21.5", "@esbuild/darwin-arm64": "0.21.5", "@esbuild/darwin-x64": "0.21.5", "@esbuild/freebsd-arm64": "0.21.5", "@esbuild/freebsd-x64": "0.21.5", "@esbuild/linux-arm": "0.21.5", "@esbuild/linux-arm64": "0.21.5", "@esbuild/linux-ia32": "0.21.5", "@esbuild/linux-loong64": "0.21.5", "@esbuild/linux-mips64el": "0.21.5", "@esbuild/linux-ppc64": "0.21.5", "@esbuild/linux-riscv64": "0.21.5", "@esbuild/linux-s390x": "0.21.5", "@esbuild/linux-x64": "0.21.5", "@esbuild/netbsd-x64": "0.21.5", "@esbuild/openbsd-x64": "0.21.5", "@esbuild/sunos-x64": "0.21.5", "@esbuild/win32-arm64": "0.21.5", "@esbuild/win32-ia32": "0.21.5", "@esbuild/win32-x64": "0.21.5" }, "bin": { "esbuild": "bin/esbuild" } }, "sha512-mg3OPMV4hXywwpoDxu3Qda5xCKQi+vCTZq8S9J/EpkhB2HzKXq4SNFZE3+NK93JYxc8VMSep+lOUSC/RVKaBqw=="],

    "estree-walker": ["estree-walker@2.0.2", "", {}, "sha512-Rfkk/Mp/DL7JVje3u18FxFujQlTNR2q6QfMSMB7AvCBx91NGj/ba3kCfza0f6dVDbw7YlRf/nDrn7pQrCCyQ/w=="],

    "fsevents": ["fsevents@2.3.2", "", { "os": "darwin" }, "sha512-xiqMQR4xAeHTuB9uWm+fFRcIOgKBMiOBP+eXiyT7jsgVCq1bkVygt00oASowB7EdtpOHaaPgKt812P9ab+DDKA=="],

    "magic-string": ["magic-string@0.30.21", "", { "dependencies": { "@jridgewell/sourcemap-codec": "^1.5.5" } }, "sha512-vd2F4YUyEXKGcLHoq+TEyCjxueSeHnFxyyjNp80yg0XV4vUhnDer/lvvlqM/arB5bXQN5K2/3oinyCRyx8T2CQ=="],

    "nanoid": ["nanoid@3.3.12", "", { "bin": { "nanoid": "bin/nanoid.cjs" } }, "sha512-ZB9RH/39qpq5Vu6Y+NmUaFhQR6pp+M2Xt76XBnEwDaGcVAqhlvxrl3B2bKS5D3NH3QR76v3aSrKaF/Kiy7lEtQ=="],

    "oxlint": ["oxlint@0.9.10", "", { "optionalDependencies": { "@oxlint/darwin-arm64": "0.9.10", "@oxlint/darwin-x64": "0.9.10", "@oxlint/linux-arm64-gnu": "0.9.10", "@oxlint/linux-arm64-musl": "0.9.10", "@oxlint/linux-x64-gnu": "0.9.10", "@oxlint/linux-x64-musl": "0.9.10", "@oxlint/win32-arm64": "0.9.10", "@oxlint/win32-x64": "0.9.10" }, "bin": { "oxlint": "bin/oxlint", "oxc_language_server": "bin/oxc_language_server" } }, "sha512-bKiiFN7Hnoaist/rditTRBXz+GXKYuLd53/NB7Q6zHB/bifELJarSoRLkAUGElIJKl4PSr3lTh1g6zehh+rX0g=="],

    "picocolors": ["picocolors@1.1.1", "", {}, "sha512-xceH2snhtb5M9liqDsmEw56le376mTZkEX/jEb/RxNFyegNul7eNslCXP9FDj/Lcu0X8KEyMceP2ntpaHrDEVA=="],

    "playwright": ["playwright@1.60.0", "", { "dependencies": { "playwright-core": "1.60.0" }, "optionalDependencies": { "fsevents": "2.3.2" }, "bin": "cli.js" }, "sha512-hheHdokM8cdqCb0lcE3s+zT4t4W+vvjpGxsZlDnikarzx8tSzMebh3UiFtgqwFwnTnjYQcsyMF8ei2mCO/tpeA=="],

    "playwright-core": ["playwright-core@1.60.0", "", { "bin": "cli.js" }, "sha512-9bW6zvX/m0lEbgTKJ6YppOKx8H3VOPBMOCFh2irXFOT4BbHgrx5hPjwJYLT40Lu+4qtD36qKc/Hn56StUW57IA=="],

    "postcss": ["postcss@8.5.15", "", { "dependencies": { "nanoid": "^3.3.12", "picocolors": "^1.1.1", "source-map-js": "^1.2.1" } }, "sha512-FfR8sjd4em2T6fb3I2MwAJU7HWVMr9zba+enmQeeWFfCbm+UOC/0X4DS8XtpUTMwWMGbjKYP7xjfNekzyGmB3A=="],

    "rollup": ["rollup@4.62.0", "", { "dependencies": { "@types/estree": "1.0.9" }, "optionalDependencies": { "@rollup/rollup-android-arm-eabi": "4.62.0", "@rollup/rollup-android-arm64": "4.62.0", "@rollup/rollup-darwin-arm64": "4.62.0", "@rollup/rollup-darwin-x64": "4.62.0", "@rollup/rollup-freebsd-arm64": "4.62.0", "@rollup/rollup-freebsd-x64": "4.62.0", "@rollup/rollup-linux-arm-gnueabihf": "4.62.0", "@rollup/rollup-linux-arm-musleabihf": "4.62.0", "@rollup/rollup-linux-arm64-gnu": "4.62.0", "@rollup/rollup-linux-arm64-musl": "4.62.0", "@rollup/rollup-linux-loong64-gnu": "4.62.0", "@rollup/rollup-linux-loong64-musl": "4.62.0", "@rollup/rollup-linux-ppc64-gnu": "4.62.0", "@rollup/rollup-linux-ppc64-musl": "4.62.0", "@rollup/rollup-linux-riscv64-gnu": "4.62.0", "@rollup/rollup-linux-riscv64-musl": "4.62.0", "@rollup/rollup-linux-s390x-gnu": "4.62.0", "@rollup/rollup-linux-x64-gnu": "4.62.0", "@rollup/rollup-linux-x64-musl": "4.62.0", "@rollup/rollup-openbsd-x64": "4.62.0", "@rollup/rollup-openharmony-arm64": "4.62.0", "@rollup/rollup-win32-arm64-msvc": "4.62.0", "@rollup/rollup-win32-ia32-msvc": "4.62.0", "@rollup/rollup-win32-x64-gnu": "4.62.0", "@rollup/rollup-win32-x64-msvc": "4.62.0", "fsevents": "~2.3.2" }, "bin": { "rollup": "dist/bin/rollup" } }, "sha512-nc72Wgq62I7rtDV4izT5/aaS0zxy3kttkinf9586ApknY3jZO9NYsmtc24fUckA0X7Q2v+ML4a15pdUlV5V/jA=="],

    "source-map-js": ["source-map-js@1.2.1", "", {}, "sha512-UXWMKhLOwVKb728IUtQPXxfYU+usdybtUrK/8uGE8CQMvrhOpwvzDBwj0QhSL7MQc7vIsISBG8VQ8+IDQxpfQA=="],

    "typescript": ["typescript@5.9.3", "", { "bin": { "tsc": "bin/tsc", "tsserver": "bin/tsserver" } }, "sha512-jl1vZzPDinLr9eUt3J/t7V6FgNEw9QjvBPdysz9KfQDD41fQrC2Y4vKQdiaUpFT4bXlb1RHhLpp8wtm6M5TgSw=="],

    "undici-types": ["undici-types@6.21.0", "", {}, "sha512-iwDZqg0QAGrg9Rav5H4n0M64c3mkR59cJ6wQp+7C4nI0gsmExaedaYLNO44eT4AtBBwjbTiGPMlt2Md0T9H9JQ=="],

    "vite": ["vite@5.4.21", "", { "dependencies": { "esbuild": "^0.21.3", "postcss": "^8.4.43", "rollup": "^4.20.0" }, "optionalDependencies": { "fsevents": "~2.3.3" }, "peerDependencies": { "@types/node": "^18.0.0 || >=20.0.0", "less": "*", "lightningcss": "^1.21.0", "sass": "*", "sass-embedded": "*", "stylus": "*", "sugarss": "*", "terser": "^5.4.0" }, "optionalPeers": ["@types/node", "less", "lightningcss", "sass", "sass-embedded", "stylus", "sugarss", "terser"], "bin": { "vite": "bin/vite.js" } }, "sha512-o5a9xKjbtuhY6Bi5S3+HvbRERmouabWbyUcpXXUA1u+GNUKoROi9byOJ8M0nHbHYHkYICiMlqxkg1KkYmm25Sw=="],

    "vue": ["vue@3.5.38", "", { "dependencies": { "@vue/compiler-dom": "3.5.38", "@vue/compiler-sfc": "3.5.38", "@vue/runtime-dom": "3.5.38", "@vue/server-renderer": "3.5.38", "@vue/shared": "3.5.38" }, "peerDependencies": { "typescript": "*" }, "optionalPeers": ["typescript"] }, "sha512-vAMKHfImQlYSy0C+PBue4s3ERZ2xGKfgZg5GXAsLInq1dyh2H78ILVP5sK0KPFPVW4kv+OGCIvBEondcjpZp7A=="],

    "rollup/fsevents": ["fsevents@2.3.3", "", { "os": "darwin" }, "sha512-5xoDfX+fL7faATnagmWPpbFtwh/R77WmMMqqHGS65C3vvB0YHrgF+B1YmZ3441tMj5n63k0212XNoJwzlhffQw=="],

    "vite/fsevents": ["fsevents@2.3.3", "", { "os": "darwin" }, "sha512-5xoDfX+fL7faATnagmWPpbFtwh/R77WmMMqqHGS65C3vvB0YHrgF+B1YmZ3441tMj5n63k0212XNoJwzlhffQw=="],
  }
}
